// !$*UTF8*$!
{
	archiveVersion = 1;
	classes = {
	};
	objectVersion = 46;
	objects = {

/* Begin PBXBuildFile section */
		391238181B6DFD5100A9F76F /* LinkedDictionary.swift in Sources */ = {isa = PBXBuildFile; fileRef = 391238171B6DFD5100A9F76F /* LinkedDictionary.swift */; };
		3912381C1B6E0CE400A9F76F /* OrderedSet.swift in Sources */ = {isa = PBXBuildFile; fileRef = 3912381B1B6E0CE400A9F76F /* OrderedSet.swift */; };
		395F69D81B64D215001EC471 /* UITextBox.swift in Sources */ = {isa = PBXBuildFile; fileRef = 395F69D71B64D215001EC471 /* UITextBox.swift */; };
		395F6AAC1B5E67D300E7F944 /* AppDelegate.swift in Sources */ = {isa = PBXBuildFile; fileRef = 395F6AAB1B5E67D300E7F944 /* AppDelegate.swift */; };
		395F6AAE1B5E67D300E7F944 /* ViewController.swift in Sources */ = {isa = PBXBuildFile; fileRef = 395F6AAD1B5E67D300E7F944 /* ViewController.swift */; };
		395F6AB11B5E67D300E7F944 /* Main.storyboard in Resources */ = {isa = PBXBuildFile; fileRef = 395F6AAF1B5E67D300E7F944 /* Main.storyboard */; };
		395F6AB31B5E67D300E7F944 /* Assets.xcassets in Resources */ = {isa = PBXBuildFile; fileRef = 395F6AB21B5E67D300E7F944 /* Assets.xcassets */; };
		395F6AB61B5E67D300E7F944 /* LaunchScreen.storyboard in Resources */ = {isa = PBXBuildFile; fileRef = 395F6AB41B5E67D300E7F944 /* LaunchScreen.storyboard */; };
		39D4230E1B5E6ADC00FC808A /* TableViewController.swift in Sources */ = {isa = PBXBuildFile; fileRef = 39D4230D1B5E6ADC00FC808A /* TableViewController.swift */; };
		39D423101B5E6AFC00FC808A /* Toast.swift in Sources */ = {isa = PBXBuildFile; fileRef = 39D4230F1B5E6AFC00FC808A /* Toast.swift */; };
/* End PBXBuildFile section */

/* Begin PBXFileReference section */
		391238171B6DFD5100A9F76F /* LinkedDictionary.swift */ = {isa = PBXFileReference; fileEncoding = 4; lastKnownFileType = sourcecode.swift; path = LinkedDictionary.swift; sourceTree = "<group>"; };
		3912381B1B6E0CE400A9F76F /* OrderedSet.swift */ = {isa = PBXFileReference; fileEncoding = 4; lastKnownFileType = sourcecode.swift; path = OrderedSet.swift; sourceTree = "<group>"; };
		395F69D71B64D215001EC471 /* UITextBox.swift */ = {isa = PBXFileReference; fileEncoding = 4; lastKnownFileType = sourcecode.swift; path = UITextBox.swift; sourceTree = "<group>"; };
		395F6AA81B5E67D300E7F944 /* ToastDemo.app */ = {isa = PBXFileReference; explicitFileType = wrapper.application; includeInIndex = 0; path = ToastDemo.app; sourceTree = BUILT_PRODUCTS_DIR; };
		395F6AAB1B5E67D300E7F944 /* AppDelegate.swift */ = {isa = PBXFileReference; lastKnownFileType = sourcecode.swift; path = AppDelegate.swift; sourceTree = "<group>"; };
		395F6AAD1B5E67D300E7F944 /* ViewController.swift */ = {isa = PBXFileReference; lastKnownFileType = sourcecode.swift; path = ViewController.swift; sourceTree = "<group>"; };
		395F6AB01B5E67D300E7F944 /* Base */ = {isa = PBXFileReference; lastKnownFileType = file.storyboard; name = Base; path = Base.lproj/Main.storyboard; sourceTree = "<group>"; };
		395F6AB21B5E67D300E7F944 /* Assets.xcassets */ = {isa = PBXFileReference; lastKnownFileType = folder.assetcatalog; path = Assets.xcassets; sourceTree = "<group>"; };
		395F6AB51B5E67D300E7F944 /* Base */ = {isa = PBXFileReference; lastKnownFileType = file.storyboard; name = Base; path = Base.lproj/LaunchScreen.storyboard; sourceTree = "<group>"; };
		395F6AB71B5E67D300E7F944 /* Info.plist */ = {isa = PBXFileReference; lastKnownFileType = text.plist.xml; path = Info.plist; sourceTree = "<group>"; };
		39D4230D1B5E6ADC00FC808A /* TableViewController.swift */ = {isa = PBXFileReference; fileEncoding = 4; lastKnownFileType = sourcecode.swift; path = TableViewController.swift; sourceTree = "<group>"; };
		39D4230F1B5E6AFC00FC808A /* Toast.swift */ = {isa = PBXFileReference; fileEncoding = 4; lastKnownFileType = sourcecode.swift; path = Toast.swift; sourceTree = "<group>"; };
/* End PBXFileReference section */

/* Begin PBXFrameworksBuildPhase section */
		395F6AA51B5E67D200E7F944 /* Frameworks */ = {
			isa = PBXFrameworksBuildPhase;
			buildActionMask = 2147483647;
			files = (
			);
			runOnlyForDeploymentPostprocessing = 0;
		};
/* End PBXFrameworksBuildPhase section */

/* Begin PBXGroup section */
		395F6A9F1B5E67D200E7F944 = {
			isa = PBXGroup;
			children = (
				395F6AAA1B5E67D300E7F944 /* ToastDemo */,
				395F6AA91B5E67D300E7F944 /* Products */,
			);
			sourceTree = "<group>";
		};
		395F6AA91B5E67D300E7F944 /* Products */ = {
			isa = PBXGroup;
			children = (
				395F6AA81B5E67D300E7F944 /* ToastDemo.app */,
			);
			name = Products;
			sourceTree = "<group>";
		};
		395F6AAA1B5E67D300E7F944 /* ToastDemo */ = {
			isa = PBXGroup;
			children = (
				395F6AAB1B5E67D300E7F944 /* AppDelegate.swift */,
				395F6AAD1B5E67D300E7F944 /* ViewController.swift */,
				39D4230D1B5E6ADC00FC808A /* TableViewController.swift */,
				391238171B6DFD5100A9F76F /* LinkedDictionary.swift */,
				3912381B1B6E0CE400A9F76F /* OrderedSet.swift */,
				39D4230F1B5E6AFC00FC808A /* Toast.swift */,
				395F69D71B64D215001EC471 /* UITextBox.swift */,
				395F6AAF1B5E67D300E7F944 /* Main.storyboard */,
				395F6AB21B5E67D300E7F944 /* Assets.xcassets */,
				395F6AB41B5E67D300E7F944 /* LaunchScreen.storyboard */,
				395F6AB71B5E67D300E7F944 /* Info.plist */,
			);
			path = ToastDemo;
			sourceTree = "<group>";
		};
/* End PBXGroup section */

/* Begin PBXNativeTarget section */
		395F6AA71B5E67D200E7F944 /* ToastDemo */ = {
			isa = PBXNativeTarget;
			buildConfigurationList = 395F6ABA1B5E67D300E7F944 /* Build configuration list for PBXNativeTarget "ToastDemo" */;
			buildPhases = (
				395F6AA41B5E67D200E7F944 /* Sources */,
				395F6AA51B5E67D200E7F944 /* Frameworks */,
				395F6AA61B5E67D200E7F944 /* Resources */,
			);
			buildRules = (
			);
			dependencies = (
			);
			name = ToastDemo;
			productName = ToastDemo;
			productReference = 395F6AA81B5E67D300E7F944 /* ToastDemo.app */;
			productType = "com.apple.product-type.application";
		};
/* End PBXNativeTarget section */

/* Begin PBXProject section */
		395F6AA01B5E67D200E7F944 /* Project object */ = {
			isa = PBXProject;
			attributes = {
				LastUpgradeCheck = 0810;
				ORGANIZATIONNAME = "招利 李";
				TargetAttributes = {
					395F6AA71B5E67D200E7F944 = {
						CreatedOnToolsVersion = 7.0;
						LastSwiftMigration = 0810;
					};
				};
			};
			buildConfigurationList = 395F6AA31B5E67D200E7F944 /* Build configuration list for PBXProject "ToastDemo" */;
			compatibilityVersion = "Xcode 3.2";
			developmentRegion = English;
			hasScannedForEncodings = 0;
			knownRegions = (
				en,
				Base,
			);
			mainGroup = 395F6A9F1B5E67D200E7F944;
			productRefGroup = 395F6AA91B5E67D300E7F944 /* Products */;
			projectDirPath = "";
			projectRoot = "";
			targets = (
				395F6AA71B5E67D200E7F944 /* ToastDemo */,
			);
		};
/* End PBXProject section */

/* Begin PBXResourcesBuildPhase section */
		395F6AA61B5E67D200E7F944 /* Resources */ = {
			isa = PBXResourcesBuildPhase;
			buildActionMask = 2147483647;
			files = (
				395F6AB61B5E67D300E7F944 /* LaunchScreen.storyboard in Resources */,
				395F6AB31B5E67D300E7F944 /* Assets.xcassets in Resources */,
				395F6AB11B5E67D300E7F944 /* Main.storyboard in Resources */,
			);
			runOnlyForDeploymentPostprocessing = 0;
		};
/* End PBXResourcesBuildPhase section */

/* Begin PBXSourcesBuildPhase section */
		395F6AA41B5E67D200E7F944 /* Sources */ = {
			isa = PBXSourcesBuildPhase;
			buildActionMask = 2147483647;
			files = (
				395F69D81B64D215001EC471 /* UITextBox.swift in Sources */,
				3912381C1B6E0CE400A9F76F /* OrderedSet.swift in Sources */,
				395F6AAE1B5E67D300E7F944 /* ViewController.swift in Sources */,
				39D423101B5E6AFC00FC808A /* Toast.swift in Sources */,
				39D4230E1B5E6ADC00FC808A /* TableViewController.swift in Sources */,
				391238181B6DFD5100A9F76F /* LinkedDictionary.swift in Sources */,
				395F6AAC1B5E67D300E7F944 /* AppDelegate.swift in Sources */,
			);
			runOnlyForDeploymentPostprocessing = 0;
		};
/* End PBXSourcesBuildPhase section */

/* Begin PBXVariantGroup section */
		395F6AAF1B5E67D300E7F944 /* Main.storyboard */ = {
			isa = PBXVariantGroup;
			children = (
				395F6AB01B5E67D300E7F944 /* Base */,
			);
			name = Main.storyboard;
			sourceTree = "<group>";
		};
		395F6AB41B5E67D300E7F944 /* LaunchScreen.storyboard */ = {
			isa = PBXVariantGroup;
			children = (
				395F6AB51B5E67D300E7F944 /* Base */,
			);
			name = LaunchScreen.storyboard;
			sourceTree = "<group>";
		};
/* End PBXVariantGroup section */

/* Begin XCBuildConfiguration section */
		395F6AB81B5E67D300E7F944 /* Debug */ = {
			isa = XCBuildConfiguration;
			buildSettings = {
				ALWAYS_SEARCH_USER_PATHS = NO;
				CLANG_CXX_LANGUAGE_STANDARD = "gnu++0x";
				CLANG_CXX_LIBRARY = "libc++";
				CLANG_ENABLE_MODULES = YES;
				CLANG_ENABLE_OBJC_ARC = YES;
				CLANG_WARN_BOOL_CONVERSION = YES;
				CLANG_WARN_CONSTANT_CONVERSION = YES;
				CLANG_WARN_DIRECT_OBJC_ISA_USAGE = YES_ERROR;
				CLANG_WARN_EMPTY_BODY = YES;
				CLANG_WARN_ENUM_CONVERSION = YES;
				CLANG_WARN_INFINITE_RECURSION = YES;
				CLANG_WARN_INT_CONVERSION = YES;
				CLANG_WARN_OBJC_ROOT_CLASS = YES_ERROR;
				CLANG_WARN_SUSPICIOUS_MOVE = YES;
				CLANG_WARN_UNREACHABLE_CODE = YES;
				CLANG_WARN__DUPLICATE_METHOD_MATCH = YES;
				"CODE_SIGN_IDENTITY[sdk=iphoneos*]" = "iPhone Developer";
				COPY_PHASE_STRIP = NO;
				DEBUG_INFORMATION_FORMAT = dwarf;
				ENABLE_STRICT_OBJC_MSGSEND = YES;
				ENABLE_TESTABILITY = YES;
				GCC_C_LANGUAGE_STANDARD = gnu99;
				GCC_DYNAMIC_NO_PIC = NO;
				GCC_NO_COMMON_BLOCKS = YES;
				GCC_OPTIMIZATION_LEVEL = 0;
				GCC_PREPROCESSOR_DEFINITIONS = (
					"DEBUG=1",
					"$(inherited)",
				);
				GCC_WARN_64_TO_32_BIT_CONVERSION = YES;
				GCC_WARN_ABOUT_RETURN_TYPE = YES_ERROR;
				GCC_WARN_UNDECLARED_SELECTOR = YES;
				GCC_WARN_UNINITIALIZED_AUTOS = YES_AGGRESSIVE;
				GCC_WARN_UNUSED_FUNCTION = YES;
				GCC_WARN_UNUSED_VARIABLE = YES;
				IPHONEOS_DEPLOYMENT_TARGET = 9.0;
				MTL_ENABLE_DEBUG_INFO = YES;
				ONLY_ACTIVE_ARCH = YES;
				SDKROOT = iphoneos;
				SWIFT_OPTIMIZATION_LEVEL = "-Onone";
				TARGETED_DEVICE_FAMILY = "1,2";
			};
			name = Debug;
		};
		395F6AB91B5E67D300E7F944 /* Release */ = {
			isa = XCBuildConfiguration;
			buildSettings = {
				ALWAYS_SEARCH_USER_PATHS = NO;
				CLANG_CXX_LANGUAGE_STANDARD = "gnu++0x";
				CLANG_CXX_LIBRARY = "libc++";
				CLANG_ENABLE_MODULES = YES;
				CLANG_ENABLE_OBJC_ARC = YES;
				CLANG_WARN_BOOL_CONVERSION = YES;
				CLANG_WARN_CONSTANT_CONVERSION = YES;
				CLANG_WARN_DIRECT_OBJC_ISA_USAGE = YES_ERROR;
				CLANG_WARN_EMPTY_BODY = YES;
				CLANG_WARN_ENUM_CONVERSION = YES;
				CLANG_WARN_INFINITE_RECURSION = YES;
				CLANG_WARN_INT_CONVERSION = YES;
				CLANG_WARN_OBJC_ROOT_CLASS = YES_ERROR;
				CLANG_WARN_SUSPICIOUS_MOVE = YES;
				CLANG_WARN_UNREACHABLE_CODE = YES;
				CLANG_WARN__DUPLICATE_METHOD_MATCH = YES;
				"CODE_SIGN_IDENTITY[sdk=iphoneos*]" = "iPhone Developer";
				COPY_PHASE_STRIP = NO;
				DEBUG_INFORMATION_FORMAT = "dwarf-with-dsym";
				ENABLE_NS_ASSERTIONS = NO;
				ENABLE_STRICT_OBJC_MSGSEND = YES;
				GCC_C_LANGUAGE_STANDARD = gnu99;
				GCC_NO_COMMON_BLOCKS = YES;
				GCC_WARN_64_TO_32_BIT_CONVERSION = YES;
				GCC_WARN_ABOUT_RETURN_TYPE = YES_ERROR;
				GCC_WARN_UNDECLARED_SELECTOR = YES;
				GCC_WARN_UNINITIALIZED_AUTOS = YES_AGGRESSIVE;
				GCC_WARN_UNUSED_FUNCTION = YES;
				GCC_WARN_UNUSED_VARIABLE = YES;
				IPHONEOS_DEPLOYMENT_TARGET = 9.0;
				MTL_ENABLE_DEBUG_INFO = NO;
				SDKROOT = iphoneos;
				SWIFT_OPTIMIZATION_LEVEL = "-Owholemodule";
				TARGETED_DEVICE_FAMILY = "1,2";
				VALIDATE_PRODUCT = YES;
			};
			name = Release;
		};
		395F6ABB1B5E67D300E7F944 /* Debug */ = {
			isa = XCBuildConfiguration;
			buildSettings = {
				ASSETCATALOG_COMPILER_APPICON_NAME = AppIcon;
				INFOPLIST_FILE = ToastDemo/Info.plist;
				LD_RUNPATH_SEARCH_PATHS = "$(inherited) @executable_path/Frameworks";
				PRODUCT_BUNDLE_IDENTIFIER = com.huiquhome.toast.ToastDemo;
				PRODUCT_NAME = "$(TARGET_NAME)";
				SWIFT_VERSION = 3.0;
				TARGETED_DEVICE_FAMILY = "1,2";
			};
			name = Debug;
		};
		395F6ABC1B5E67D300E7F944 /* Release */ = {
			isa = XCBuildConfiguration;
			buildSettings = {
				ASSETCATALOG_COMPILER_APPICON_NAME = AppIcon;
				INFOPLIST_FILE = ToastDemo/Info.plist;
				LD_RUNPATH_SEARCH_PATHS = "$(inherited) @executable_path/Frameworks";
				PRODUCT_BUNDLE_IDENTIFIER = com.huiquhome.toast.ToastDemo;
				PRODUCT_NAME = "$(TARGET_NAME)";
				SWIFT_VERSION = 3.0;
				TARGETED_DEVICE_FAMILY = "1,2";
			};
			name = Release;
		};
/* End XCBuildConfiguration section */

/* Begin XCConfigurationList section */
		395F6AA31B5E67D200E7F944 /* Build configuration list for PBXProject "ToastDemo" */ = {
			isa = XCConfigurationList;
			buildConfigurations = (
				395F6AB81B5E67D300E7F944 /* Debug */,
				395F6AB91B5E67D300E7F944 /* Release */,
			);
			defaultConfigurationIsVisible = 0;
			defaultConfigurationName = Release;
		};
		395F6ABA1B5E67D300E7F944 /* Build configuration list for PBXNativeTarget "ToastDemo" */ = {
			isa = XCConfigurationList;
			buildConfigurations = (
				395F6ABB1B5E67D300E7F944 /* Debug */,
				395F6ABC1B5E67D300E7F944 /* Release */,
			);
			defaultConfigurationIsVisible = 0;
			defaultConfigurationName = Release;
		};
/* End XCConfigurationList section */
	};
	rootObject = 395F6AA01B5E67D200E7F944 /* Project object */;
}
